<?xml version="1.0" encoding="utf-8"?>
<Project ToolsVersion="15.0" xmlns="http://schemas.microsoft.com/developer/msbuild/2003">
  <ItemGroup>
    <ClCompile Include="C:\Users\Ricardo Petronilho\Desktop\projeto-cg\src\generator.cpp">
      <Filter>Source Files</Filter>
    </ClCompile>
    <ClCompile Include="C:\Users\Ricardo Petronilho\Desktop\projeto-cg\src\ArrayList.cpp">
      <Filter>Source Files</Filter>
    </ClCompile>
    <ClCompile Include="C:\Users\Ricardo Petronilho\Desktop\projeto-cg\src\Point.cpp">
      <Filter>Source Files</Filter>
    </ClCompile>
    <ClCompile Include="C:\Users\Ricardo Petronilho\Desktop\projeto-cg\src\boxGenerator.cpp">
      <Filter>Source Files</Filter>
    </ClCompile>
    <ClCompile Include="C:\Users\Ricardo Petronilho\Desktop\projeto-cg\src\coneGenerator.cpp">
      <Filter>Source Files</Filter>
    </ClCompile>
    <ClCompile Include="C:\Users\Ricardo Petronilho\Desktop\projeto-cg\src\list2file.cpp">
      <Filter>Source Files</Filter>
    </ClCompile>
    <ClCompile Include="C:\Users\Ricardo Petronilho\Desktop\projeto-cg\src\planeGenerator.cpp">
      <Filter>Source Files</Filter>
    </ClCompile>
    <ClCompile Include="C:\Users\Ricardo Petronilho\Desktop\projeto-cg\src\sphereGenerator.cpp">
      <Filter>Source Files</Filter>
    </ClCompile>
  </ItemGroup>
  <ItemGroup>
    <CustomBuild Include="C:\Users\Ricardo Petronilho\Desktop\projeto-cg\generator_vs_project\CMakeLists.txt" />
  </ItemGroup>
  <ItemGroup>
    <Filter Include="Source Files">
      <UniqueIdentifier>{6F45B8F4-38E7-3D02-A08C-F6CC10900FC3}</UniqueIdentifier>
    </Filter>
  </ItemGroup>
</Project>
