Microsoft Visual Studio Solution File, Format Version 12.00
# Visual Studio 15
Project("{2150E333-8FDC-42A3-9474-1A3956D46DE8}") = "CMakePredefinedTargets", "CMakePredefinedTargets", "{688D9EB2-F57D-37F6-804C-8FB3DEA86D65}"
EndProject
Project("{8BC9CEB8-8B4A-11D0-8D11-00A0C91BC942}") = "engine", "engine.vcxproj", "{38053E32-9FDA-333B-8587-BC2C8F82D55B}"
	ProjectSection(ProjectDependencies) = postProject
		{16A062EF-90CB-3A5C-8C6F-A6ED2C86F0A9} = {16A062EF-90CB-3A5C-8C6F-A6ED2C86F0A9}
	EndProjectSection
EndProject
Project("{8BC9CEB8-8B4A-11D0-8D11-00A0C91BC942}") = "ALL_BUILD", "ALL_BUILD.vcxproj", "{657C1618-A52F-3989-BEDC-001C8EFF06CE}"
	ProjectSection(ProjectDependencies) = postProject
		{16A062EF-90CB-3A5C-8C6F-A6ED2C86F0A9} = {16A062EF-90CB-3A5C-8C6F-A6ED2C86F0A9}
		{38053E32-9FDA-333B-8587-BC2C8F82D55B} = {38053E32-9FDA-333B-8587-BC2C8F82D55B}
	EndProjectSection
EndProject
Project("{8BC9CEB8-8B4A-11D0-8D11-00A0C91BC942}") = "ZERO_CHECK", "ZERO_CHECK.vcxproj", "{16A062EF-90CB-3A5C-8C6F-A6ED2C86F0A9}"
	ProjectSection(ProjectDependencies) = postProject
	EndProjectSection
EndProject
Global
	GlobalSection(SolutionConfigurationPlatforms) = preSolution
		Debug|Win32 = Debug|Win32
		Release|Win32 = Release|Win32
		MinSizeRel|Win32 = MinSizeRel|Win32
		RelWithDebInfo|Win32 = RelWithDebInfo|Win32
	EndGlobalSection
	GlobalSection(ProjectConfigurationPlatforms) = postSolution
		{38053E32-9FDA-333B-8587-BC2C8F82D55B}.Debug|Win32.ActiveCfg = Debug|Win32
		{38053E32-9FDA-333B-8587-BC2C8F82D55B}.Debug|Win32.Build.0 = Debug|Win32
		{38053E32-9FDA-333B-8587-BC2C8F82D55B}.Release|Win32.ActiveCfg = Release|Win32
		{38053E32-9FDA-333B-8587-BC2C8F82D55B}.Release|Win32.Build.0 = Release|Win32
		{38053E32-9FDA-333B-8587-BC2C8F82D55B}.MinSizeRel|Win32.ActiveCfg = MinSizeRel|Win32
		{38053E32-9FDA-333B-8587-BC2C8F82D55B}.MinSizeRel|Win32.Build.0 = MinSizeRel|Win32
		{38053E32-9FDA-333B-8587-BC2C8F82D55B}.RelWithDebInfo|Win32.ActiveCfg = RelWithDebInfo|Win32
		{38053E32-9FDA-333B-8587-BC2C8F82D55B}.RelWithDebInfo|Win32.Build.0 = RelWithDebInfo|Win32
		{657C1618-A52F-3989-BEDC-001C8EFF06CE}.Debug|Win32.ActiveCfg = Debug|Win32
		{657C1618-A52F-3989-BEDC-001C8EFF06CE}.Release|Win32.ActiveCfg = Release|Win32
		{657C1618-A52F-3989-BEDC-001C8EFF06CE}.MinSizeRel|Win32.ActiveCfg = MinSizeRel|Win32
		{657C1618-A52F-3989-BEDC-001C8EFF06CE}.RelWithDebInfo|Win32.ActiveCfg = RelWithDebInfo|Win32
		{16A062EF-90CB-3A5C-8C6F-A6ED2C86F0A9}.Debug|Win32.ActiveCfg = Debug|Win32
		{16A062EF-90CB-3A5C-8C6F-A6ED2C86F0A9}.Debug|Win32.Build.0 = Debug|Win32
		{16A062EF-90CB-3A5C-8C6F-A6ED2C86F0A9}.Release|Win32.ActiveCfg = Release|Win32
		{16A062EF-90CB-3A5C-8C6F-A6ED2C86F0A9}.Release|Win32.Build.0 = Release|Win32
		{16A062EF-90CB-3A5C-8C6F-A6ED2C86F0A9}.MinSizeRel|Win32.ActiveCfg = MinSizeRel|Win32
		{16A062EF-90CB-3A5C-8C6F-A6ED2C86F0A9}.MinSizeRel|Win32.Build.0 = MinSizeRel|Win32
		{16A062EF-90CB-3A5C-8C6F-A6ED2C86F0A9}.RelWithDebInfo|Win32.ActiveCfg = RelWithDebInfo|Win32
		{16A062EF-90CB-3A5C-8C6F-A6ED2C86F0A9}.RelWithDebInfo|Win32.Build.0 = RelWithDebInfo|Win32
	EndGlobalSection
	GlobalSection(NestedProjects) = preSolution
		{657C1618-A52F-3989-BEDC-001C8EFF06CE} = {688D9EB2-F57D-37F6-804C-8FB3DEA86D65}
		{16A062EF-90CB-3A5C-8C6F-A6ED2C86F0A9} = {688D9EB2-F57D-37F6-804C-8FB3DEA86D65}
	EndGlobalSection
	GlobalSection(ExtensibilityGlobals) = postSolution
		SolutionGuid = {D302C9FB-84D8-3A3C-AC01-E7F907DE625D}
	EndGlobalSection
	GlobalSection(ExtensibilityAddIns) = postSolution
	EndGlobalSection
EndGlobal
