Microsoft Visual Studio Solution File, Format Version 12.00
# Visual Studio 15
Project("{2150E333-8FDC-42A3-9474-1A3956D46DE8}") = "CMakePredefinedTargets", "CMakePredefinedTargets", "{6CD41709-5DCC-39B5-AE83-71F7840E8F4B}"
EndProject
Project("{8BC9CEB8-8B4A-11D0-8D11-00A0C91BC942}") = "engine", "engine.vcxproj", "{807E8A11-85DF-3F9F-BC65-E62E327CEA84}"
	ProjectSection(ProjectDependencies) = postProject
		{48F1D176-FF54-3EDF-ABCC-F9647125D25F} = {48F1D176-FF54-3EDF-ABCC-F9647125D25F}
	EndProjectSection
EndProject
Project("{8BC9CEB8-8B4A-11D0-8D11-00A0C91BC942}") = "ALL_BUILD", "ALL_BUILD.vcxproj", "{3F1921A3-313B-3EF5-9542-E9DB5EE2146D}"
	ProjectSection(ProjectDependencies) = postProject
		{48F1D176-FF54-3EDF-ABCC-F9647125D25F} = {48F1D176-FF54-3EDF-ABCC-F9647125D25F}
		{807E8A11-85DF-3F9F-BC65-E62E327CEA84} = {807E8A11-85DF-3F9F-BC65-E62E327CEA84}
	EndProjectSection
EndProject
Project("{8BC9CEB8-8B4A-11D0-8D11-00A0C91BC942}") = "ZERO_CHECK", "ZERO_CHECK.vcxproj", "{48F1D176-FF54-3EDF-ABCC-F9647125D25F}"
	ProjectSection(ProjectDependencies) = postProject
	EndProjectSection
EndProject
Global
	GlobalSection(SolutionConfigurationPlatforms) = preSolution
		Debug|Win32 = Debug|Win32
		Release|Win32 = Release|Win32
		MinSizeRel|Win32 = MinSizeRel|Win32
		RelWithDebInfo|Win32 = RelWithDebInfo|Win32
	EndGlobalSection
	GlobalSection(ProjectConfigurationPlatforms) = postSolution
		{807E8A11-85DF-3F9F-BC65-E62E327CEA84}.Debug|Win32.ActiveCfg = Debug|Win32
		{807E8A11-85DF-3F9F-BC65-E62E327CEA84}.Debug|Win32.Build.0 = Debug|Win32
		{807E8A11-85DF-3F9F-BC65-E62E327CEA84}.Release|Win32.ActiveCfg = Release|Win32
		{807E8A11-85DF-3F9F-BC65-E62E327CEA84}.Release|Win32.Build.0 = Release|Win32
		{807E8A11-85DF-3F9F-BC65-E62E327CEA84}.MinSizeRel|Win32.ActiveCfg = MinSizeRel|Win32
		{807E8A11-85DF-3F9F-BC65-E62E327CEA84}.MinSizeRel|Win32.Build.0 = MinSizeRel|Win32
		{807E8A11-85DF-3F9F-BC65-E62E327CEA84}.RelWithDebInfo|Win32.ActiveCfg = RelWithDebInfo|Win32
		{807E8A11-85DF-3F9F-BC65-E62E327CEA84}.RelWithDebInfo|Win32.Build.0 = RelWithDebInfo|Win32
		{3F1921A3-313B-3EF5-9542-E9DB5EE2146D}.Debug|Win32.ActiveCfg = Debug|Win32
		{3F1921A3-313B-3EF5-9542-E9DB5EE2146D}.Release|Win32.ActiveCfg = Release|Win32
		{3F1921A3-313B-3EF5-9542-E9DB5EE2146D}.MinSizeRel|Win32.ActiveCfg = MinSizeRel|Win32
		{3F1921A3-313B-3EF5-9542-E9DB5EE2146D}.RelWithDebInfo|Win32.ActiveCfg = RelWithDebInfo|Win32
		{48F1D176-FF54-3EDF-ABCC-F9647125D25F}.Debug|Win32.ActiveCfg = Debug|Win32
		{48F1D176-FF54-3EDF-ABCC-F9647125D25F}.Debug|Win32.Build.0 = Debug|Win32
		{48F1D176-FF54-3EDF-ABCC-F9647125D25F}.Release|Win32.ActiveCfg = Release|Win32
		{48F1D176-FF54-3EDF-ABCC-F9647125D25F}.Release|Win32.Build.0 = Release|Win32
		{48F1D176-FF54-3EDF-ABCC-F9647125D25F}.MinSizeRel|Win32.ActiveCfg = MinSizeRel|Win32
		{48F1D176-FF54-3EDF-ABCC-F9647125D25F}.MinSizeRel|Win32.Build.0 = MinSizeRel|Win32
		{48F1D176-FF54-3EDF-ABCC-F9647125D25F}.RelWithDebInfo|Win32.ActiveCfg = RelWithDebInfo|Win32
		{48F1D176-FF54-3EDF-ABCC-F9647125D25F}.RelWithDebInfo|Win32.Build.0 = RelWithDebInfo|Win32
	EndGlobalSection
	GlobalSection(NestedProjects) = preSolution
		{3F1921A3-313B-3EF5-9542-E9DB5EE2146D} = {6CD41709-5DCC-39B5-AE83-71F7840E8F4B}
		{48F1D176-FF54-3EDF-ABCC-F9647125D25F} = {6CD41709-5DCC-39B5-AE83-71F7840E8F4B}
	EndGlobalSection
	GlobalSection(ExtensibilityGlobals) = postSolution
		SolutionGuid = {B52CE9CA-B343-3B5F-90FD-CDD539F14856}
	EndGlobalSection
	GlobalSection(ExtensibilityAddIns) = postSolution
	EndGlobalSection
EndGlobal
